
Microsoft Visual Studio Solution File, Format Version 12.00
# Visual Studio Version 17
VisualStudioVersion = 17.9.34701.34
MinimumVisualStudioVersion = 10.0.40219.1
Project("{FAE04EC0-301F-11D3-BF4B-00C04F79EFBC}") = "GitHubTestApp", "GitHubTestApp\GitHubTestApp.csproj", "{9FCAD125-5B23-4D08-A83B-7BBEB90287E6}"
EndProject
Global
	GlobalSection(SolutionConfigurationPlatforms) = preSolution
		Debug|Any CPU = Debug|Any CPU
		Release|Any CPU = Release|Any CPU
	EndGlobalSection
	GlobalSection(ProjectConfigurationPlatforms) = postSolution
		{9FCAD125-5B23-4D08-A83B-7BBEB90287E6}.Debug|Any CPU.ActiveCfg = Debug|Any CPU
		{9FCAD125-5B23-4D08-A83B-7BBEB90287E6}.Debug|Any CPU.Build.0 = Debug|Any CPU
		{9FCAD125-5B23-4D08-A83B-7BBEB90287E6}.Release|Any CPU.ActiveCfg = Release|Any CPU
		{9FCAD125-5B23-4D08-A83B-7BBEB90287E6}.Release|Any CPU.Build.0 = Release|Any CPU
	EndGlobalSection
	GlobalSection(SolutionProperties) = preSolution
		HideSolutionNode = FALSE
	EndGlobalSection
	GlobalSection(ExtensibilityGlobals) = postSolution
		SolutionGuid = {D99E2B43-A141-4056-A3A5-B80A0E2CED4D}
	EndGlobalSection
EndGlobal
